
Microsoft Visual Studio Solution File, Format Version 12.00
# Visual Studio Version 17
VisualStudioVersion = 17.0.31611.283
MinimumVisualStudioVersion = 10.0.40219.1
Project("{9A19103F-16F7-4668-BE54-9A1E7A4F7556}") = "AppWithBug", "AppWithBug\AppWithBug.csproj", "{A7BBD0F0-7D3F-4E79-99E5-631FF4C022BD}"
EndProject
Project("{9A19103F-16F7-4668-BE54-9A1E7A4F7556}") = "WinLib", "WinLib\WinLib.csproj", "{9C991057-3E61-4B1E-B4D2-04F3E5BC3FC4}"
EndProject
Global
	GlobalSection(SolutionConfigurationPlatforms) = preSolution
		Debug|Any CPU = Debug|Any CPU
		Release|Any CPU = Release|Any CPU
	EndGlobalSection
	GlobalSection(ProjectConfigurationPlatforms) = postSolution
		{A7BBD0F0-7D3F-4E79-99E5-631FF4C022BD}.Debug|Any CPU.ActiveCfg = Debug|Any CPU
		{A7BBD0F0-7D3F-4E79-99E5-631FF4C022BD}.Debug|Any CPU.Build.0 = Debug|Any CPU
		{A7BBD0F0-7D3F-4E79-99E5-631FF4C022BD}.Debug|Any CPU.Deploy.0 = Debug|Any CPU
		{A7BBD0F0-7D3F-4E79-99E5-631FF4C022BD}.Release|Any CPU.ActiveCfg = Release|Any CPU
		{A7BBD0F0-7D3F-4E79-99E5-631FF4C022BD}.Release|Any CPU.Build.0 = Release|Any CPU
		{A7BBD0F0-7D3F-4E79-99E5-631FF4C022BD}.Release|Any CPU.Deploy.0 = Release|Any CPU
		{9C991057-3E61-4B1E-B4D2-04F3E5BC3FC4}.Debug|Any CPU.ActiveCfg = Debug|Any CPU
		{9C991057-3E61-4B1E-B4D2-04F3E5BC3FC4}.Debug|Any CPU.Build.0 = Debug|Any CPU
		{9C991057-3E61-4B1E-B4D2-04F3E5BC3FC4}.Release|Any CPU.ActiveCfg = Release|Any CPU
		{9C991057-3E61-4B1E-B4D2-04F3E5BC3FC4}.Release|Any CPU.Build.0 = Release|Any CPU
	EndGlobalSection
	GlobalSection(SolutionProperties) = preSolution
		HideSolutionNode = FALSE
	EndGlobalSection
	GlobalSection(ExtensibilityGlobals) = postSolution
		SolutionGuid = {61F7FB11-1E47-470C-91E2-47F8143E1572}
	EndGlobalSection
EndGlobal
